
Microsoft Visual Studio Solution File, Format Version 12.00
# Visual Studio Version 17
VisualStudioVersion = 17.9.34616.47
MinimumVisualStudioVersion = 10.0.40219.1
Project("{FAE04EC0-301F-11D3-BF4B-00C04F79EFBC}") = "HoraExtra", "HoraExtra\HoraExtra.csproj", "{87699E8E-E13D-4B81-8FF0-93FE68BACA6A}"
EndProject
Global
	GlobalSection(SolutionConfigurationPlatforms) = preSolution
		Debug|Any CPU = Debug|Any CPU
		Release|Any CPU = Release|Any CPU
	EndGlobalSection
	GlobalSection(ProjectConfigurationPlatforms) = postSolution
		{87699E8E-E13D-4B81-8FF0-93FE68BACA6A}.Debug|Any CPU.ActiveCfg = Debug|Any CPU
		{87699E8E-E13D-4B81-8FF0-93FE68BACA6A}.Debug|Any CPU.Build.0 = Debug|Any CPU
		{87699E8E-E13D-4B81-8FF0-93FE68BACA6A}.Release|Any CPU.ActiveCfg = Release|Any CPU
		{87699E8E-E13D-4B81-8FF0-93FE68BACA6A}.Release|Any CPU.Build.0 = Release|Any CPU
	EndGlobalSection
	GlobalSection(SolutionProperties) = preSolution
		HideSolutionNode = FALSE
	EndGlobalSection
	GlobalSection(ExtensibilityGlobals) = postSolution
		SolutionGuid = {0789EFAF-0C25-4544-99AF-5C71F7989A14}
	EndGlobalSection
EndGlobal
